
Microsoft Visual Studio Solution File, Format Version 12.00
# Visual Studio Version 16
VisualStudioVersion = 16.0.30804.86
MinimumVisualStudioVersion = 10.0.40219.1
Project("{9A19103F-16F7-4668-BE54-9A1E7A4F7556}") = "Imageboard.Web", "Imageboard.Web\Imageboard.Web.csproj", "{1FAD5F2A-4990-4183-903A-661D9CE660B1}"
EndProject
Project("{FAE04EC0-301F-11D3-BF4B-00C04F79EFBC}") = "Imageboard.Data", "Imageboard.Data\Imageboard.Data.csproj", "{C059F43F-1A86-4379-B8CC-AEF0C95C54E2}"
EndProject
Global
	GlobalSection(SolutionConfigurationPlatforms) = preSolution
		Debug|Any CPU = Debug|Any CPU
		Release|Any CPU = Release|Any CPU
	EndGlobalSection
	GlobalSection(ProjectConfigurationPlatforms) = postSolution
		{1FAD5F2A-4990-4183-903A-661D9CE660B1}.Debug|Any CPU.ActiveCfg = Debug|Any CPU
		{1FAD5F2A-4990-4183-903A-661D9CE660B1}.Debug|Any CPU.Build.0 = Debug|Any CPU
		{1FAD5F2A-4990-4183-903A-661D9CE660B1}.Release|Any CPU.ActiveCfg = Release|Any CPU
		{1FAD5F2A-4990-4183-903A-661D9CE660B1}.Release|Any CPU.Build.0 = Release|Any CPU
		{C059F43F-1A86-4379-B8CC-AEF0C95C54E2}.Debug|Any CPU.ActiveCfg = Debug|Any CPU
		{C059F43F-1A86-4379-B8CC-AEF0C95C54E2}.Debug|Any CPU.Build.0 = Debug|Any CPU
		{C059F43F-1A86-4379-B8CC-AEF0C95C54E2}.Release|Any CPU.ActiveCfg = Release|Any CPU
		{C059F43F-1A86-4379-B8CC-AEF0C95C54E2}.Release|Any CPU.Build.0 = Release|Any CPU
	EndGlobalSection
	GlobalSection(SolutionProperties) = preSolution
		HideSolutionNode = FALSE
	EndGlobalSection
	GlobalSection(ExtensibilityGlobals) = postSolution
		SolutionGuid = {1D58CDC1-A8A6-4852-851D-2470729136F8}
	EndGlobalSection
EndGlobal
